// !$*UTF8*$!
{
	archiveVersion = 1;
	classes = {
	};
	objectVersion = 46;
	objects = {

/* Begin PBXBuildFile section */
		4F06546D14C3FC490067C8A2 /* ChatModel.xcdatamodeld in Sources */ = {isa = PBXBuildFile; fileRef = 4F06546B14C3FC490067C8A2 /* ChatModel.xcdatamodeld */; };
		4F06547114C3FFDD0067C8A2 /* ChatMessage.m in Sources */ = {isa = PBXBuildFile; fileRef = 4F06547014C3FFDD0067C8A2 /* ChatMessage.m */; };
		4F08E56814C2B63300673ADF /* NicknameViewController.m in Sources */ = {isa = PBXBuildFile; fileRef = 4F08E56614C2B63300673ADF /* NicknameViewController.m */; };
		4F08E56914C2B63300673ADF /* NicknameViewController.xib in Resources */ = {isa = PBXBuildFile; fileRef = 4F08E56714C2B63300673ADF /* NicknameViewController.xib */; };
		4F0E52E615AD245A00DA0629 /* PrivateMessage.m in Sources */ = {isa = PBXBuildFile; fileRef = 4F0E52E515AD245A00DA0629 /* PrivateMessage.m */; };
		4F24ED7815C2579600D46FB0 /* ChannelMessage.m in Sources */ = {isa = PBXBuildFile; fileRef = 4F24ED7715C2579600D46FB0 /* ChannelMessage.m */; };
		4F30AB4114C2DC5E008D90E1 /* TabBarController.m in Sources */ = {isa = PBXBuildFile; fileRef = 4F30AB4014C2DC5D008D90E1 /* TabBarController.m */; };
		4F30AB4514C38CE6008D90E1 /* FirstViewController.m in Sources */ = {isa = PBXBuildFile; fileRef = 4F30AB4414C38CE6008D90E1 /* FirstViewController.m */; };
		4F320BEA15ABE3E0001B7C44 /* People.m in Sources */ = {isa = PBXBuildFile; fileRef = 4F320BE915ABE3E0001B7C44 /* People.m */; };
		4F42D1C114A989BD00FEB062 /* UIKit.framework in Frameworks */ = {isa = PBXBuildFile; fileRef = 4F42D1C014A989BD00FEB062 /* UIKit.framework */; };
		4F42D1C314A989BD00FEB062 /* Foundation.framework in Frameworks */ = {isa = PBXBuildFile; fileRef = 4F42D1C214A989BD00FEB062 /* Foundation.framework */; };
		4F42D1C514A989BD00FEB062 /* CoreGraphics.framework in Frameworks */ = {isa = PBXBuildFile; fileRef = 4F42D1C414A989BD00FEB062 /* CoreGraphics.framework */; };
		4F42D1CB14A989BD00FEB062 /* InfoPlist.strings in Resources */ = {isa = PBXBuildFile; fileRef = 4F42D1C914A989BD00FEB062 /* InfoPlist.strings */; };
		4F42D1CD14A989BD00FEB062 /* main.m in Sources */ = {isa = PBXBuildFile; fileRef = 4F42D1CC14A989BD00FEB062 /* main.m */; };
		4F42D1D114A989BD00FEB062 /* AppDelegate.m in Sources */ = {isa = PBXBuildFile; fileRef = 4F42D1D014A989BD00FEB062 /* AppDelegate.m */; };
		4F42D1D414A989BD00FEB062 /* MainStoryboard.storyboard in Resources */ = {isa = PBXBuildFile; fileRef = 4F42D1D214A989BD00FEB062 /* MainStoryboard.storyboard */; };
		4F42D1D714A989BD00FEB062 /* ChannelViewController.m in Sources */ = {isa = PBXBuildFile; fileRef = 4F42D1D614A989BD00FEB062 /* ChannelViewController.m */; };
		4F42D1D914A989BD00FEB062 /* first.png in Resources */ = {isa = PBXBuildFile; fileRef = 4F42D1D814A989BD00FEB062 /* first.png */; };
		4F42D1DB14A989BD00FEB062 /* first@2x.png in Resources */ = {isa = PBXBuildFile; fileRef = 4F42D1DA14A989BD00FEB062 /* first@2x.png */; };
		4F42D1DE14A989BD00FEB062 /* PrivateViewController.m in Sources */ = {isa = PBXBuildFile; fileRef = 4F42D1DD14A989BD00FEB062 /* PrivateViewController.m */; };
		4F42D1E014A989BD00FEB062 /* second.png in Resources */ = {isa = PBXBuildFile; fileRef = 4F42D1DF14A989BD00FEB062 /* second.png */; };
		4F42D1E214A989BD00FEB062 /* second@2x.png in Resources */ = {isa = PBXBuildFile; fileRef = 4F42D1E114A989BD00FEB062 /* second@2x.png */; };
		4F42D1EA14A989BD00FEB062 /* SenTestingKit.framework in Frameworks */ = {isa = PBXBuildFile; fileRef = 4F42D1E914A989BD00FEB062 /* SenTestingKit.framework */; };
		4F42D1EB14A989BD00FEB062 /* UIKit.framework in Frameworks */ = {isa = PBXBuildFile; fileRef = 4F42D1C014A989BD00FEB062 /* UIKit.framework */; };
		4F42D1EC14A989BD00FEB062 /* Foundation.framework in Frameworks */ = {isa = PBXBuildFile; fileRef = 4F42D1C214A989BD00FEB062 /* Foundation.framework */; };
		4F42D1F414A989BD00FEB062 /* InfoPlist.strings in Resources */ = {isa = PBXBuildFile; fileRef = 4F42D1F214A989BD00FEB062 /* InfoPlist.strings */; };
		4F42D1F714A989BD00FEB062 /* IcyBeeTests.m in Sources */ = {isa = PBXBuildFile; fileRef = 4F42D1F614A989BD00FEB062 /* IcyBeeTests.m */; };
		4F42D20114A98A0000FEB062 /* CFNetwork.framework in Frameworks */ = {isa = PBXBuildFile; fileRef = 4F42D20014A98A0000FEB062 /* CFNetwork.framework */; };
		4F42D20414A9964A00FEB062 /* UrlViewController.m in Sources */ = {isa = PBXBuildFile; fileRef = 4F42D20314A9964A00FEB062 /* UrlViewController.m */; };
		4F42D20714A9982000FEB062 /* PeopleViewController.m in Sources */ = {isa = PBXBuildFile; fileRef = 4F42D20614A9982000FEB062 /* PeopleViewController.m */; };
		4F42D20A14A9990800FEB062 /* ChannelsViewController.m in Sources */ = {isa = PBXBuildFile; fileRef = 4F42D20914A9990800FEB062 /* ChannelsViewController.m */; };
		4F42D20C14A9A00300FEB062 /* Settings.bundle in Resources */ = {isa = PBXBuildFile; fileRef = 4F42D20B14A9A00300FEB062 /* Settings.bundle */; };
		4F42D20F14A9B0E000FEB062 /* IcbConnection.m in Sources */ = {isa = PBXBuildFile; fileRef = 4F42D20E14A9B0DF00FEB062 /* IcbConnection.m */; };
		4F6B967E15AA24000044EC6E /* Channel.m in Sources */ = {isa = PBXBuildFile; fileRef = 4F6B967D15AA24000044EC6E /* Channel.m */; };
		4F6B968315AA2CCD0044EC6E /* Group.m in Sources */ = {isa = PBXBuildFile; fileRef = 4F6B968215AA2CCD0044EC6E /* Group.m */; };
		4F7089BD15C4D60900BEAEB9 /* Default@2x.png in Resources */ = {isa = PBXBuildFile; fileRef = 4F7089BC15C4D60900BEAEB9 /* Default@2x.png */; };
		4F7089BF15C4D7ED00BEAEB9 /* Default.png in Resources */ = {isa = PBXBuildFile; fileRef = 4F7089BE15C4D7ED00BEAEB9 /* Default.png */; };
		4F7089C115C4E3C300BEAEB9 /* Channel@2x.png in Resources */ = {isa = PBXBuildFile; fileRef = 4F7089C015C4E3C300BEAEB9 /* Channel@2x.png */; };
		4F8AE25F14C406D100F2F7C2 /* CoreData.framework in Frameworks */ = {isa = PBXBuildFile; fileRef = 4F8AE25E14C406D100F2F7C2 /* CoreData.framework */; };
		4F99C7D5161CEF7F00F86192 /* Default-568h@2x.png in Resources */ = {isa = PBXBuildFile; fileRef = 4F99C7D4161CEF7F00F86192 /* Default-568h@2x.png */; };
		4FE1251D15ABD50300BECE75 /* Person.m in Sources */ = {isa = PBXBuildFile; fileRef = 4FE1251C15ABD50300BECE75 /* Person.m */; };
/* End PBXBuildFile section */

/* Begin PBXContainerItemProxy section */
		4F42D1ED14A989BD00FEB062 /* PBXContainerItemProxy */ = {
			isa = PBXContainerItemProxy;
			containerPortal = 4F42D1B314A989BD00FEB062 /* Project object */;
			proxyType = 1;
			remoteGlobalIDString = 4F42D1BB14A989BD00FEB062;
			remoteInfo = IcyBee;
		};
/* End PBXContainerItemProxy section */

/* Begin PBXFileReference section */
		4F06546C14C3FC490067C8A2 /* ChatModel.xcdatamodel */ = {isa = PBXFileReference; lastKnownFileType = wrapper.xcdatamodel; path = ChatModel.xcdatamodel; sourceTree = "<group>"; };
		4F06546F14C3FFDD0067C8A2 /* ChatMessage.h */ = {isa = PBXFileReference; fileEncoding = 4; lastKnownFileType = sourcecode.c.h; path = ChatMessage.h; sourceTree = "<group>"; };
		4F06547014C3FFDD0067C8A2 /* ChatMessage.m */ = {isa = PBXFileReference; fileEncoding = 4; lastKnownFileType = sourcecode.c.objc; path = ChatMessage.m; sourceTree = "<group>"; };
		4F08E56514C2B63300673ADF /* NicknameViewController.h */ = {isa = PBXFileReference; fileEncoding = 4; lastKnownFileType = sourcecode.c.h; path = NicknameViewController.h; sourceTree = "<group>"; };
		4F08E56614C2B63300673ADF /* NicknameViewController.m */ = {isa = PBXFileReference; fileEncoding = 4; lastKnownFileType = sourcecode.c.objc; path = NicknameViewController.m; sourceTree = "<group>"; };
		4F08E56714C2B63300673ADF /* NicknameViewController.xib */ = {isa = PBXFileReference; fileEncoding = 4; lastKnownFileType = file.xib; path = NicknameViewController.xib; sourceTree = "<group>"; };
		4F0E52E415AD245A00DA0629 /* PrivateMessage.h */ = {isa = PBXFileReference; fileEncoding = 4; lastKnownFileType = sourcecode.c.h; path = PrivateMessage.h; sourceTree = "<group>"; };
		4F0E52E515AD245A00DA0629 /* PrivateMessage.m */ = {isa = PBXFileReference; fileEncoding = 4; lastKnownFileType = sourcecode.c.objc; path = PrivateMessage.m; sourceTree = "<group>"; };
		4F24ED7615C2579600D46FB0 /* ChannelMessage.h */ = {isa = PBXFileReference; fileEncoding = 4; lastKnownFileType = sourcecode.c.h; path = ChannelMessage.h; sourceTree = "<group>"; };
		4F24ED7715C2579600D46FB0 /* ChannelMessage.m */ = {isa = PBXFileReference; fileEncoding = 4; lastKnownFileType = sourcecode.c.objc; path = ChannelMessage.m; sourceTree = "<group>"; };
		4F30AB3F14C2DC5D008D90E1 /* TabBarController.h */ = {isa = PBXFileReference; fileEncoding = 4; lastKnownFileType = sourcecode.c.h; path = TabBarController.h; sourceTree = "<group>"; };
		4F30AB4014C2DC5D008D90E1 /* TabBarController.m */ = {isa = PBXFileReference; fileEncoding = 4; lastKnownFileType = sourcecode.c.objc; path = TabBarController.m; sourceTree = "<group>"; };
		4F30AB4314C38CE6008D90E1 /* FirstViewController.h */ = {isa = PBXFileReference; fileEncoding = 4; lastKnownFileType = sourcecode.c.h; path = FirstViewController.h; sourceTree = "<group>"; };
		4F30AB4414C38CE6008D90E1 /* FirstViewController.m */ = {isa = PBXFileReference; fileEncoding = 4; lastKnownFileType = sourcecode.c.objc; path = FirstViewController.m; sourceTree = "<group>"; };
		4F320BE815ABE3E0001B7C44 /* People.h */ = {isa = PBXFileReference; fileEncoding = 4; lastKnownFileType = sourcecode.c.h; path = People.h; sourceTree = "<group>"; };
		4F320BE915ABE3E0001B7C44 /* People.m */ = {isa = PBXFileReference; fileEncoding = 4; lastKnownFileType = sourcecode.c.objc; path = People.m; sourceTree = "<group>"; };
		4F42D1BC14A989BD00FEB062 /* IcyBee.app */ = {isa = PBXFileReference; explicitFileType = wrapper.application; includeInIndex = 0; path = IcyBee.app; sourceTree = BUILT_PRODUCTS_DIR; };
		4F42D1C014A989BD00FEB062 /* UIKit.framework */ = {isa = PBXFileReference; lastKnownFileType = wrapper.framework; name = UIKit.framework; path = System/Library/Frameworks/UIKit.framework; sourceTree = SDKROOT; };
		4F42D1C214A989BD00FEB062 /* Foundation.framework */ = {isa = PBXFileReference; lastKnownFileType = wrapper.framework; name = Foundation.framework; path = System/Library/Frameworks/Foundation.framework; sourceTree = SDKROOT; };
		4F42D1C414A989BD00FEB062 /* CoreGraphics.framework */ = {isa = PBXFileReference; lastKnownFileType = wrapper.framework; name = CoreGraphics.framework; path = System/Library/Frameworks/CoreGraphics.framework; sourceTree = SDKROOT; };
		4F42D1C814A989BD00FEB062 /* IcyBee-Info.plist */ = {isa = PBXFileReference; lastKnownFileType = text.plist.xml; path = "IcyBee-Info.plist"; sourceTree = "<group>"; };
		4F42D1CA14A989BD00FEB062 /* en */ = {isa = PBXFileReference; lastKnownFileType = text.plist.strings; name = en; path = en.lproj/InfoPlist.strings; sourceTree = "<group>"; };
		4F42D1CC14A989BD00FEB062 /* main.m */ = {isa = PBXFileReference; lastKnownFileType = sourcecode.c.objc; path = main.m; sourceTree = "<group>"; };
		4F42D1CE14A989BD00FEB062 /* IcyBee-Prefix.pch */ = {isa = PBXFileReference; lastKnownFileType = sourcecode.c.h; path = "IcyBee-Prefix.pch"; sourceTree = "<group>"; };
		4F42D1CF14A989BD00FEB062 /* AppDelegate.h */ = {isa = PBXFileReference; lastKnownFileType = sourcecode.c.h; path = AppDelegate.h; sourceTree = "<group>"; };
		4F42D1D014A989BD00FEB062 /* AppDelegate.m */ = {isa = PBXFileReference; lastKnownFileType = sourcecode.c.objc; path = AppDelegate.m; sourceTree = "<group>"; };
		4F42D1D314A989BD00FEB062 /* en */ = {isa = PBXFileReference; lastKnownFileType = file.storyboard; name = en; path = en.lproj/MainStoryboard.storyboard; sourceTree = "<group>"; };
		4F42D1D514A989BD00FEB062 /* ChannelViewController.h */ = {isa = PBXFileReference; lastKnownFileType = sourcecode.c.h; path = ChannelViewController.h; sourceTree = "<group>"; };
		4F42D1D614A989BD00FEB062 /* ChannelViewController.m */ = {isa = PBXFileReference; lastKnownFileType = sourcecode.c.objc; path = ChannelViewController.m; sourceTree = "<group>"; };
		4F42D1D814A989BD00FEB062 /* first.png */ = {isa = PBXFileReference; lastKnownFileType = image.png; path = first.png; sourceTree = "<group>"; };
		4F42D1DA14A989BD00FEB062 /* first@2x.png */ = {isa = PBXFileReference; lastKnownFileType = image.png; path = "first@2x.png"; sourceTree = "<group>"; };
		4F42D1DC14A989BD00FEB062 /* PrivateViewController.h */ = {isa = PBXFileReference; lastKnownFileType = sourcecode.c.h; path = PrivateViewController.h; sourceTree = "<group>"; };
		4F42D1DD14A989BD00FEB062 /* PrivateViewController.m */ = {isa = PBXFileReference; lastKnownFileType = sourcecode.c.objc; path = PrivateViewController.m; sourceTree = "<group>"; };
		4F42D1DF14A989BD00FEB062 /* second.png */ = {isa = PBXFileReference; lastKnownFileType = image.png; path = second.png; sourceTree = "<group>"; };
		4F42D1E114A989BD00FEB062 /* second@2x.png */ = {isa = PBXFileReference; lastKnownFileType = image.png; path = "second@2x.png"; sourceTree = "<group>"; };
		4F42D1E814A989BD00FEB062 /* IcyBeeTests.octest */ = {isa = PBXFileReference; explicitFileType = wrapper.cfbundle; includeInIndex = 0; path = IcyBeeTests.octest; sourceTree = BUILT_PRODUCTS_DIR; };
		4F42D1E914A989BD00FEB062 /* SenTestingKit.framework */ = {isa = PBXFileReference; lastKnownFileType = wrapper.framework; name = SenTestingKit.framework; path = Library/Frameworks/SenTestingKit.framework; sourceTree = DEVELOPER_DIR; };
		4F42D1F114A989BD00FEB062 /* IcyBeeTests-Info.plist */ = {isa = PBXFileReference; lastKnownFileType = text.plist.xml; path = "IcyBeeTests-Info.plist"; sourceTree = "<group>"; };
		4F42D1F314A989BD00FEB062 /* en */ = {isa = PBXFileReference; lastKnownFileType = text.plist.strings; name = en; path = en.lproj/InfoPlist.strings; sourceTree = "<group>"; };
		4F42D1F514A989BD00FEB062 /* IcyBeeTests.h */ = {isa = PBXFileReference; lastKnownFileType = sourcecode.c.h; path = IcyBeeTests.h; sourceTree = "<group>"; };
		4F42D1F614A989BD00FEB062 /* IcyBeeTests.m */ = {isa = PBXFileReference; lastKnownFileType = sourcecode.c.objc; path = IcyBeeTests.m; sourceTree = "<group>"; };
		4F42D20014A98A0000FEB062 /* CFNetwork.framework */ = {isa = PBXFileReference; lastKnownFileType = wrapper.framework; name = CFNetwork.framework; path = System/Library/Frameworks/CFNetwork.framework; sourceTree = SDKROOT; };
		4F42D20214A9964A00FEB062 /* UrlViewController.h */ = {isa = PBXFileReference; fileEncoding = 4; lastKnownFileType = sourcecode.c.h; path = UrlViewController.h; sourceTree = "<group>"; };
		4F42D20314A9964A00FEB062 /* UrlViewController.m */ = {isa = PBXFileReference; fileEncoding = 4; lastKnownFileType = sourcecode.c.objc; path = UrlViewController.m; sourceTree = "<group>"; };
		4F42D20514A9982000FEB062 /* PeopleViewController.h */ = {isa = PBXFileReference; fileEncoding = 4; lastKnownFileType = sourcecode.c.h; path = PeopleViewController.h; sourceTree = "<group>"; };
		4F42D20614A9982000FEB062 /* PeopleViewController.m */ = {isa = PBXFileReference; fileEncoding = 4; lastKnownFileType = sourcecode.c.objc; path = PeopleViewController.m; sourceTree = "<group>"; };
		4F42D20814A9990800FEB062 /* ChannelsViewController.h */ = {isa = PBXFileReference; fileEncoding = 4; lastKnownFileType = sourcecode.c.h; path = ChannelsViewController.h; sourceTree = "<group>"; };
		4F42D20914A9990800FEB062 /* ChannelsViewController.m */ = {isa = PBXFileReference; fileEncoding = 4; lastKnownFileType = sourcecode.c.objc; path = ChannelsViewController.m; sourceTree = "<group>"; };
		4F42D20B14A9A00300FEB062 /* Settings.bundle */ = {isa = PBXFileReference; lastKnownFileType = "wrapper.plug-in"; path = Settings.bundle; sourceTree = "<group>"; };
		4F42D20D14A9B0DF00FEB062 /* IcbConnection.h */ = {isa = PBXFileReference; fileEncoding = 4; lastKnownFileType = sourcecode.c.h; path = IcbConnection.h; sourceTree = "<group>"; };
		4F42D20E14A9B0DF00FEB062 /* IcbConnection.m */ = {isa = PBXFileReference; fileEncoding = 4; lastKnownFileType = sourcecode.c.objc; path = IcbConnection.m; sourceTree = "<group>"; };
		4F6B967C15AA24000044EC6E /* Channel.h */ = {isa = PBXFileReference; fileEncoding = 4; lastKnownFileType = sourcecode.c.h; path = Channel.h; sourceTree = "<group>"; };
		4F6B967D15AA24000044EC6E /* Channel.m */ = {isa = PBXFileReference; fileEncoding = 4; lastKnownFileType = sourcecode.c.objc; path = Channel.m; sourceTree = "<group>"; };
		4F6B968115AA2CCD0044EC6E /* Group.h */ = {isa = PBXFileReference; fileEncoding = 4; lastKnownFileType = sourcecode.c.h; path = Group.h; sourceTree = "<group>"; };
		4F6B968215AA2CCD0044EC6E /* Group.m */ = {isa = PBXFileReference; fileEncoding = 4; lastKnownFileType = sourcecode.c.objc; path = Group.m; sourceTree = "<group>"; };
		4F7089BC15C4D60900BEAEB9 /* Default@2x.png */ = {isa = PBXFileReference; lastKnownFileType = image.png; path = "Default@2x.png"; sourceTree = "<group>"; };
		4F7089BE15C4D7ED00BEAEB9 /* Default.png */ = {isa = PBXFileReference; lastKnownFileType = image.png; path = Default.png; sourceTree = "<group>"; };
		4F7089C015C4E3C300BEAEB9 /* Channel@2x.png */ = {isa = PBXFileReference; lastKnownFileType = image.png; path = "Channel@2x.png"; sourceTree = "<group>"; };
		4F8AE25E14C406D100F2F7C2 /* CoreData.framework */ = {isa = PBXFileReference; lastKnownFileType = wrapper.framework; name = CoreData.framework; path = System/Library/Frameworks/CoreData.framework; sourceTree = SDKROOT; };
		4F99C7D4161CEF7F00F86192 /* Default-568h@2x.png */ = {isa = PBXFileReference; lastKnownFileType = image.png; path = "Default-568h@2x.png"; sourceTree = "<group>"; };
		4FE1251B15ABD50300BECE75 /* Person.h */ = {isa = PBXFileReference; fileEncoding = 4; lastKnownFileType = sourcecode.c.h; path = Person.h; sourceTree = "<group>"; };
		4FE1251C15ABD50300BECE75 /* Person.m */ = {isa = PBXFileReference; fileEncoding = 4; lastKnownFileType = sourcecode.c.objc; path = Person.m; sourceTree = "<group>"; };
/* End PBXFileReference section */

/* Begin PBXFrameworksBuildPhase section */
		4F42D1B914A989BD00FEB062 /* Frameworks */ = {
			isa = PBXFrameworksBuildPhase;
			buildActionMask = 2147483647;
			files = (
				4F8AE25F14C406D100F2F7C2 /* CoreData.framework in Frameworks */,
				4F42D1C114A989BD00FEB062 /* UIKit.framework in Frameworks */,
				4F42D1C314A989BD00FEB062 /* Foundation.framework in Frameworks */,
				4F42D1C514A989BD00FEB062 /* CoreGraphics.framework in Frameworks */,
				4F42D20114A98A0000FEB062 /* CFNetwork.framework in Frameworks */,
			);
			runOnlyForDeploymentPostprocessing = 0;
		};
		4F42D1E414A989BD00FEB062 /* Frameworks */ = {
			isa = PBXFrameworksBuildPhase;
			buildActionMask = 2147483647;
			files = (
				4F42D1EA14A989BD00FEB062 /* SenTestingKit.framework in Frameworks */,
				4F42D1EB14A989BD00FEB062 /* UIKit.framework in Frameworks */,
				4F42D1EC14A989BD00FEB062 /* Foundation.framework in Frameworks */,
			);
			runOnlyForDeploymentPostprocessing = 0;
		};
/* End PBXFrameworksBuildPhase section */

/* Begin PBXGroup section */
		4F0E52E115AD22BF00DA0629 /* First Time */ = {
			isa = PBXGroup;
			children = (
				4F08E56714C2B63300673ADF /* NicknameViewController.xib */,
				4F30AB4314C38CE6008D90E1 /* FirstViewController.h */,
				4F30AB4414C38CE6008D90E1 /* FirstViewController.m */,
				4F08E56514C2B63300673ADF /* NicknameViewController.h */,
				4F08E56614C2B63300673ADF /* NicknameViewController.m */,
			);
			name = "First Time";
			sourceTree = "<group>";
		};
		4F0E52E315AD23A200DA0629 /* Private View */ = {
			isa = PBXGroup;
			children = (
				4F0E52E415AD245A00DA0629 /* PrivateMessage.h */,
				4F0E52E515AD245A00DA0629 /* PrivateMessage.m */,
				4F42D1DC14A989BD00FEB062 /* PrivateViewController.h */,
				4F42D1DD14A989BD00FEB062 /* PrivateViewController.m */,
			);
			name = "Private View";
			sourceTree = "<group>";
		};
		4F42D1B114A989BD00FEB062 = {
			isa = PBXGroup;
			children = (
				4F99C7D4161CEF7F00F86192 /* Default-568h@2x.png */,
				4F42D1C614A989BD00FEB062 /* IcyBee */,
				4F42D1EF14A989BD00FEB062 /* IcyBeeTests */,
				4F42D1BF14A989BD00FEB062 /* Frameworks */,
				4F42D1BD14A989BD00FEB062 /* Products */,
			);
			sourceTree = "<group>";
		};
		4F42D1BD14A989BD00FEB062 /* Products */ = {
			isa = PBXGroup;
			children = (
				4F42D1BC14A989BD00FEB062 /* IcyBee.app */,
				4F42D1E814A989BD00FEB062 /* IcyBeeTests.octest */,
			);
			name = Products;
			sourceTree = "<group>";
		};
		4F42D1BF14A989BD00FEB062 /* Frameworks */ = {
			isa = PBXGroup;
			children = (
				4F42D1C014A989BD00FEB062 /* UIKit.framework */,
				4F42D1C214A989BD00FEB062 /* Foundation.framework */,
				4F42D1C414A989BD00FEB062 /* CoreGraphics.framework */,
				4F8AE25E14C406D100F2F7C2 /* CoreData.framework */,
				4F42D1E914A989BD00FEB062 /* SenTestingKit.framework */,
				4F42D20014A98A0000FEB062 /* CFNetwork.framework */,
			);
			name = Frameworks;
			sourceTree = "<group>";
		};
		4F42D1C614A989BD00FEB062 /* IcyBee */ = {
			isa = PBXGroup;
			children = (
				4F42D20B14A9A00300FEB062 /* Settings.bundle */,
				4F42D1D214A989BD00FEB062 /* MainStoryboard.storyboard */,
				4F42D1CF14A989BD00FEB062 /* AppDelegate.h */,
				4F42D1D014A989BD00FEB062 /* AppDelegate.m */,
				4F30AB3F14C2DC5D008D90E1 /* TabBarController.h */,
				4F30AB4014C2DC5D008D90E1 /* TabBarController.m */,
				4F42D20D14A9B0DF00FEB062 /* IcbConnection.h */,
				4F42D20E14A9B0DF00FEB062 /* IcbConnection.m */,
				4F0E52E115AD22BF00DA0629 /* First Time */,
				4F6B967F15AA27540044EC6E /* Group Chat View */,
				4F0E52E315AD23A200DA0629 /* Private View */,
				4FE1251915ABD20100BECE75 /* People View */,
				4F6B967B15AA23C90044EC6E /* Groups View */,
				4F7089BB15C3ACFC00BEAEB9 /* URL View */,
				4F6B968015AA2C350044EC6E /* Model */,
				4F42D1C714A989BD00FEB062 /* Supporting Files */,
				4F7089B915C3ACA100BEAEB9 /* Graphics */,
			);
			path = IcyBee;
			sourceTree = "<group>";
		};
		4F42D1C714A989BD00FEB062 /* Supporting Files */ = {
			isa = PBXGroup;
			children = (
				4F42D1C814A989BD00FEB062 /* IcyBee-Info.plist */,
				4F42D1C914A989BD00FEB062 /* InfoPlist.strings */,
				4F42D1CC14A989BD00FEB062 /* main.m */,
				4F42D1CE14A989BD00FEB062 /* IcyBee-Prefix.pch */,
			);
			name = "Supporting Files";
			sourceTree = "<group>";
		};
		4F42D1EF14A989BD00FEB062 /* IcyBeeTests */ = {
			isa = PBXGroup;
			children = (
				4F42D1F514A989BD00FEB062 /* IcyBeeTests.h */,
				4F42D1F614A989BD00FEB062 /* IcyBeeTests.m */,
				4F42D1F014A989BD00FEB062 /* Supporting Files */,
			);
			path = IcyBeeTests;
			sourceTree = "<group>";
		};
		4F42D1F014A989BD00FEB062 /* Supporting Files */ = {
			isa = PBXGroup;
			children = (
				4F42D1F114A989BD00FEB062 /* IcyBeeTests-Info.plist */,
				4F42D1F214A989BD00FEB062 /* InfoPlist.strings */,
			);
			name = "Supporting Files";
			sourceTree = "<group>";
		};
		4F6B967B15AA23C90044EC6E /* Groups View */ = {
			isa = PBXGroup;
			children = (
				4F6B967C15AA24000044EC6E /* Channel.h */,
				4F6B967D15AA24000044EC6E /* Channel.m */,
				4F42D20814A9990800FEB062 /* ChannelsViewController.h */,
				4F42D20914A9990800FEB062 /* ChannelsViewController.m */,
			);
			name = "Groups View";
			sourceTree = "<group>";
		};
		4F6B967F15AA27540044EC6E /* Group Chat View */ = {
			isa = PBXGroup;
			children = (
				4F24ED7615C2579600D46FB0 /* ChannelMessage.h */,
				4F24ED7715C2579600D46FB0 /* ChannelMessage.m */,
				4F42D1D514A989BD00FEB062 /* ChannelViewController.h */,
				4F42D1D614A989BD00FEB062 /* ChannelViewController.m */,
			);
			name = "Group Chat View";
			sourceTree = "<group>";
		};
		4F6B968015AA2C350044EC6E /* Model */ = {
			isa = PBXGroup;
			children = (
				4F06546B14C3FC490067C8A2 /* ChatModel.xcdatamodeld */,
				4F320BE815ABE3E0001B7C44 /* People.h */,
				4F320BE915ABE3E0001B7C44 /* People.m */,
				4F06547014C3FFDD0067C8A2 /* ChatMessage.m */,
				4F06546F14C3FFDD0067C8A2 /* ChatMessage.h */,
				4F6B968115AA2CCD0044EC6E /* Group.h */,
				4F6B968215AA2CCD0044EC6E /* Group.m */,
			);
			name = Model;
			sourceTree = "<group>";
		};
		4F7089B915C3ACA100BEAEB9 /* Graphics */ = {
			isa = PBXGroup;
			children = (
				4F7089C015C4E3C300BEAEB9 /* Channel@2x.png */,
				4F7089BE15C4D7ED00BEAEB9 /* Default.png */,
				4F7089BC15C4D60900BEAEB9 /* Default@2x.png */,
				4F42D1DF14A989BD00FEB062 /* second.png */,
				4F42D1E114A989BD00FEB062 /* second@2x.png */,
				4F42D1D814A989BD00FEB062 /* first.png */,
				4F42D1DA14A989BD00FEB062 /* first@2x.png */,
			);
			name = Graphics;
			sourceTree = "<group>";
		};
		4F7089BB15C3ACFC00BEAEB9 /* URL View */ = {
			isa = PBXGroup;
			children = (
				4F42D20214A9964A00FEB062 /* UrlViewController.h */,
				4F42D20314A9964A00FEB062 /* UrlViewController.m */,
			);
			name = "URL View";
			sourceTree = "<group>";
		};
		4FE1251915ABD20100BECE75 /* People View */ = {
			isa = PBXGroup;
			children = (
				4FE1251B15ABD50300BECE75 /* Person.h */,
				4FE1251C15ABD50300BECE75 /* Person.m */,
				4F42D20514A9982000FEB062 /* PeopleViewController.h */,
				4F42D20614A9982000FEB062 /* PeopleViewController.m */,
			);
			name = "People View";
			sourceTree = "<group>";
		};
/* End PBXGroup section */

/* Begin PBXNativeTarget section */
		4F42D1BB14A989BD00FEB062 /* IcyBee */ = {
			isa = PBXNativeTarget;
			buildConfigurationList = 4F42D1FA14A989BD00FEB062 /* Build configuration list for PBXNativeTarget "IcyBee" */;
			buildPhases = (
				4F42D1B814A989BD00FEB062 /* Sources */,
				4F42D1B914A989BD00FEB062 /* Frameworks */,
				4F42D1BA14A989BD00FEB062 /* Resources */,
			);
			buildRules = (
			);
			dependencies = (
			);
			name = IcyBee;
			productName = IcyBee;
			productReference = 4F42D1BC14A989BD00FEB062 /* IcyBee.app */;
			productType = "com.apple.product-type.application";
		};
		4F42D1E714A989BD00FEB062 /* IcyBeeTests */ = {
			isa = PBXNativeTarget;
			buildConfigurationList = 4F42D1FD14A989BD00FEB062 /* Build configuration list for PBXNativeTarget "IcyBeeTests" */;
			buildPhases = (
				4F42D1E314A989BD00FEB062 /* Sources */,
				4F42D1E414A989BD00FEB062 /* Frameworks */,
				4F42D1E514A989BD00FEB062 /* Resources */,
				4F42D1E614A989BD00FEB062 /* ShellScript */,
			);
			buildRules = (
			);
			dependencies = (
				4F42D1EE14A989BD00FEB062 /* PBXTargetDependency */,
			);
			name = IcyBeeTests;
			productName = IcyBeeTests;
			productReference = 4F42D1E814A989BD00FEB062 /* IcyBeeTests.octest */;
			productType = "com.apple.product-type.bundle";
		};
/* End PBXNativeTarget section */

/* Begin PBXProject section */
		4F42D1B314A989BD00FEB062 /* Project object */ = {
			isa = PBXProject;
			attributes = {
				LastUpgradeCheck = 0440;
				ORGANIZATIONNAME = "The Home for Obsolete Technology";
			};
			buildConfigurationList = 4F42D1B614A989BD00FEB062 /* Build configuration list for PBXProject "IcyBee" */;
			compatibilityVersion = "Xcode 3.2";
			developmentRegion = English;
			hasScannedForEncodings = 0;
			knownRegions = (
				en,
			);
			mainGroup = 4F42D1B114A989BD00FEB062;
			productRefGroup = 4F42D1BD14A989BD00FEB062 /* Products */;
			projectDirPath = "";
			projectRoot = "";
			targets = (
				4F42D1BB14A989BD00FEB062 /* IcyBee */,
				4F42D1E714A989BD00FEB062 /* IcyBeeTests */,
			);
		};
/* End PBXProject section */

/* Begin PBXResourcesBuildPhase section */
		4F42D1BA14A989BD00FEB062 /* Resources */ = {
			isa = PBXResourcesBuildPhase;
			buildActionMask = 2147483647;
			files = (
				4F42D1CB14A989BD00FEB062 /* InfoPlist.strings in Resources */,
				4F42D1D414A989BD00FEB062 /* MainStoryboard.storyboard in Resources */,
				4F42D1D914A989BD00FEB062 /* first.png in Resources */,
				4F42D1DB14A989BD00FEB062 /* first@2x.png in Resources */,
				4F42D1E014A989BD00FEB062 /* second.png in Resources */,
				4F42D1E214A989BD00FEB062 /* second@2x.png in Resources */,
				4F42D20C14A9A00300FEB062 /* Settings.bundle in Resources */,
				4F08E56914C2B63300673ADF /* NicknameViewController.xib in Resources */,
				4F7089BD15C4D60900BEAEB9 /* Default@2x.png in Resources */,
				4F7089BF15C4D7ED00BEAEB9 /* Default.png in Resources */,
				4F7089C115C4E3C300BEAEB9 /* Channel@2x.png in Resources */,
				4F99C7D5161CEF7F00F86192 /* Default-568h@2x.png in Resources */,
			);
			runOnlyForDeploymentPostprocessing = 0;
		};
		4F42D1E514A989BD00FEB062 /* Resources */ = {
			isa = PBXResourcesBuildPhase;
			buildActionMask = 2147483647;
			files = (
				4F42D1F414A989BD00FEB062 /* InfoPlist.strings in Resources */,
			);
			runOnlyForDeploymentPostprocessing = 0;
		};
/* End PBXResourcesBuildPhase section */

/* Begin PBXShellScriptBuildPhase section */
		4F42D1E614A989BD00FEB062 /* ShellScript */ = {
			isa = PBXShellScriptBuildPhase;
			buildActionMask = 2147483647;
			files = (
			);
			inputPaths = (
			);
			outputPaths = (
			);
			runOnlyForDeploymentPostprocessing = 0;
			shellPath = /bin/sh;
			shellScript = "# Run the unit tests in this test bundle.\n\"${SYSTEM_DEVELOPER_DIR}/Tools/RunUnitTests\"\n";
		};
/* End PBXShellScriptBuildPhase section */

/* Begin PBXSourcesBuildPhase section */
		4F42D1B814A989BD00FEB062 /* Sources */ = {
			isa = PBXSourcesBuildPhase;
			buildActionMask = 2147483647;
			files = (
				4F42D1CD14A989BD00FEB062 /* main.m in Sources */,
				4F42D1D114A989BD00FEB062 /* AppDelegate.m in Sources */,
				4F42D1D714A989BD00FEB062 /* ChannelViewController.m in Sources */,
				4F42D1DE14A989BD00FEB062 /* PrivateViewController.m in Sources */,
				4F42D20414A9964A00FEB062 /* UrlViewController.m in Sources */,
				4F42D20714A9982000FEB062 /* PeopleViewController.m in Sources */,
				4F42D20A14A9990800FEB062 /* ChannelsViewController.m in Sources */,
				4F42D20F14A9B0E000FEB062 /* IcbConnection.m in Sources */,
				4F08E56814C2B63300673ADF /* NicknameViewController.m in Sources */,
				4F30AB4114C2DC5E008D90E1 /* TabBarController.m in Sources */,
				4F30AB4514C38CE6008D90E1 /* FirstViewController.m in Sources */,
				4F06546D14C3FC490067C8A2 /* ChatModel.xcdatamodeld in Sources */,
				4F06547114C3FFDD0067C8A2 /* ChatMessage.m in Sources */,
				4F6B967E15AA24000044EC6E /* Channel.m in Sources */,
				4F6B968315AA2CCD0044EC6E /* Group.m in Sources */,
				4FE1251D15ABD50300BECE75 /* Person.m in Sources */,
				4F320BEA15ABE3E0001B7C44 /* People.m in Sources */,
				4F0E52E615AD245A00DA0629 /* PrivateMessage.m in Sources */,
				4F24ED7815C2579600D46FB0 /* ChannelMessage.m in Sources */,
			);
			runOnlyForDeploymentPostprocessing = 0;
		};
		4F42D1E314A989BD00FEB062 /* Sources */ = {
			isa = PBXSourcesBuildPhase;
			buildActionMask = 2147483647;
			files = (
				4F42D1F714A989BD00FEB062 /* IcyBeeTests.m in Sources */,
			);
			runOnlyForDeploymentPostprocessing = 0;
		};
/* End PBXSourcesBuildPhase section */

/* Begin PBXTargetDependency section */
		4F42D1EE14A989BD00FEB062 /* PBXTargetDependency */ = {
			isa = PBXTargetDependency;
			target = 4F42D1BB14A989BD00FEB062 /* IcyBee */;
			targetProxy = 4F42D1ED14A989BD00FEB062 /* PBXContainerItemProxy */;
		};
/* End PBXTargetDependency section */

/* Begin PBXVariantGroup section */
		4F42D1C914A989BD00FEB062 /* InfoPlist.strings */ = {
			isa = PBXVariantGroup;
			children = (
				4F42D1CA14A989BD00FEB062 /* en */,
			);
			name = InfoPlist.strings;
			sourceTree = "<group>";
		};
		4F42D1D214A989BD00FEB062 /* MainStoryboard.storyboard */ = {
			isa = PBXVariantGroup;
			children = (
				4F42D1D314A989BD00FEB062 /* en */,
			);
			name = MainStoryboard.storyboard;
			sourceTree = "<group>";
		};
		4F42D1F214A989BD00FEB062 /* InfoPlist.strings */ = {
			isa = PBXVariantGroup;
			children = (
				4F42D1F314A989BD00FEB062 /* en */,
			);
			name = InfoPlist.strings;
			sourceTree = "<group>";
		};
/* End PBXVariantGroup section */

/* Begin XCBuildConfiguration section */
		4F42D1F814A989BD00FEB062 /* Debug */ = {
			isa = XCBuildConfiguration;
			buildSettings = {
				ALWAYS_SEARCH_USER_PATHS = NO;
				ARCHS = "$(ARCHS_STANDARD_32_BIT)";
				CLANG_ENABLE_OBJC_ARC = YES;
				"CODE_SIGN_IDENTITY[sdk=iphoneos*]" = "iPhone Developer";
				COPY_PHASE_STRIP = NO;
				GCC_C_LANGUAGE_STANDARD = gnu99;
				GCC_DYNAMIC_NO_PIC = NO;
				GCC_OPTIMIZATION_LEVEL = 0;
				GCC_PREPROCESSOR_DEFINITIONS = (
					"DEBUG=1",
					"$(inherited)",
				);
				GCC_SYMBOLS_PRIVATE_EXTERN = NO;
				GCC_VERSION = com.apple.compilers.llvm.clang.1_0;
				GCC_WARN_ABOUT_MISSING_PROTOTYPES = YES;
				GCC_WARN_ABOUT_RETURN_TYPE = YES;
				GCC_WARN_UNUSED_VARIABLE = YES;
				IPHONEOS_DEPLOYMENT_TARGET = 5.0;
				SDKROOT = iphoneos;
			};
			name = Debug;
		};
		4F42D1F914A989BD00FEB062 /* Release */ = {
			isa = XCBuildConfiguration;
			buildSettings = {
				ALWAYS_SEARCH_USER_PATHS = NO;
				ARCHS = "$(ARCHS_STANDARD_32_BIT)";
				CLANG_ENABLE_OBJC_ARC = YES;
				"CODE_SIGN_IDENTITY[sdk=iphoneos*]" = "iPhone Developer";
				COPY_PHASE_STRIP = YES;
				GCC_C_LANGUAGE_STANDARD = gnu99;
				GCC_VERSION = com.apple.compilers.llvm.clang.1_0;
				GCC_WARN_ABOUT_MISSING_PROTOTYPES = YES;
				GCC_WARN_ABOUT_RETURN_TYPE = YES;
				GCC_WARN_UNUSED_VARIABLE = YES;
				IPHONEOS_DEPLOYMENT_TARGET = 5.0;
				OTHER_CFLAGS = "-DNS_BLOCK_ASSERTIONS=1";
				SDKROOT = iphoneos;
				VALIDATE_PRODUCT = YES;
			};
			name = Release;
		};
		4F42D1FB14A989BD00FEB062 /* Debug */ = {
			isa = XCBuildConfiguration;
			buildSettings = {
				GCC_PRECOMPILE_PREFIX_HEADER = YES;
				GCC_PREFIX_HEADER = "IcyBee/IcyBee-Prefix.pch";
				INFOPLIST_FILE = "IcyBee/IcyBee-Info.plist";
				PRODUCT_NAME = "$(TARGET_NAME)";
				WRAPPER_EXTENSION = app;
			};
			name = Debug;
		};
		4F42D1FC14A989BD00FEB062 /* Release */ = {
			isa = XCBuildConfiguration;
			buildSettings = {
				GCC_PRECOMPILE_PREFIX_HEADER = YES;
				GCC_PREFIX_HEADER = "IcyBee/IcyBee-Prefix.pch";
				INFOPLIST_FILE = "IcyBee/IcyBee-Info.plist";
				PRODUCT_NAME = "$(TARGET_NAME)";
				WRAPPER_EXTENSION = app;
			};
			name = Release;
		};
		4F42D1FE14A989BD00FEB062 /* Debug */ = {
			isa = XCBuildConfiguration;
			buildSettings = {
				BUNDLE_LOADER = "$(BUILT_PRODUCTS_DIR)/IcyBee.app/IcyBee";
				FRAMEWORK_SEARCH_PATHS = (
					"$(SDKROOT)/Developer/Library/Frameworks",
					"$(DEVELOPER_LIBRARY_DIR)/Frameworks",
				);
				GCC_PRECOMPILE_PREFIX_HEADER = YES;
				GCC_PREFIX_HEADER = "IcyBee/IcyBee-Prefix.pch";
				INFOPLIST_FILE = "IcyBeeTests/IcyBeeTests-Info.plist";
				PRODUCT_NAME = "$(TARGET_NAME)";
				TEST_HOST = "$(BUNDLE_LOADER)";
				WRAPPER_EXTENSION = octest;
			};
			name = Debug;
		};
		4F42D1FF14A989BD00FEB062 /* Release */ = {
			isa = XCBuildConfiguration;
			buildSettings = {
				BUNDLE_LOADER = "$(BUILT_PRODUCTS_DIR)/IcyBee.app/IcyBee";
				FRAMEWORK_SEARCH_PATHS = (
					"$(SDKROOT)/Developer/Library/Frameworks",
					"$(DEVELOPER_LIBRARY_DIR)/Frameworks",
				);
				GCC_PRECOMPILE_PREFIX_HEADER = YES;
				GCC_PREFIX_HEADER = "IcyBee/IcyBee-Prefix.pch";
				INFOPLIST_FILE = "IcyBeeTests/IcyBeeTests-Info.plist";
				PRODUCT_NAME = "$(TARGET_NAME)";
				TEST_HOST = "$(BUNDLE_LOADER)";
				WRAPPER_EXTENSION = octest;
			};
			name = Release;
		};
/* End XCBuildConfiguration section */

/* Begin XCConfigurationList section */
		4F42D1B614A989BD00FEB062 /* Build configuration list for PBXProject "IcyBee" */ = {
			isa = XCConfigurationList;
			buildConfigurations = (
				4F42D1F814A989BD00FEB062 /* Debug */,
				4F42D1F914A989BD00FEB062 /* Release */,
			);
			defaultConfigurationIsVisible = 0;
			defaultConfigurationName = Release;
		};
		4F42D1FA14A989BD00FEB062 /* Build configuration list for PBXNativeTarget "IcyBee" */ = {
			isa = XCConfigurationList;
			buildConfigurations = (
				4F42D1FB14A989BD00FEB062 /* Debug */,
				4F42D1FC14A989BD00FEB062 /* Release */,
			);
			defaultConfigurationIsVisible = 0;
			defaultConfigurationName = Release;
		};
		4F42D1FD14A989BD00FEB062 /* Build configuration list for PBXNativeTarget "IcyBeeTests" */ = {
			isa = XCConfigurationList;
			buildConfigurations = (
				4F42D1FE14A989BD00FEB062 /* Debug */,
				4F42D1FF14A989BD00FEB062 /* Release */,
			);
			defaultConfigurationIsVisible = 0;
			defaultConfigurationName = Release;
		};
/* End XCConfigurationList section */

/* Begin XCVersionGroup section */
		4F06546B14C3FC490067C8A2 /* ChatModel.xcdatamodeld */ = {
			isa = XCVersionGroup;
			children = (
				4F06546C14C3FC490067C8A2 /* ChatModel.xcdatamodel */,
			);
			currentVersion = 4F06546C14C3FC490067C8A2 /* ChatModel.xcdatamodel */;
			path = ChatModel.xcdatamodeld;
			sourceTree = "<group>";
			versionGroupType = wrapper.xcdatamodel;
		};
/* End XCVersionGroup section */
	};
	rootObject = 4F42D1B314A989BD00FEB062 /* Project object */;
}
